Microsoft Visual Studio Solution File, Format Version 12.00
# Visual Studio Version 17
VisualStudioVersion = 17.5.2.0
MinimumVisualStudioVersion = 10.0.40219.1
Project("{FAE04EC0-301F-11D3-BF4B-00C04F79EFBC}") = "VehicleServiceManagement", "VehicleServiceManagement\VehicleServiceManagement.csproj", "{325BE755-9BF1-FF7B-3BB5-92E4EE78C81F}"
EndProject
Global
	GlobalSection(SolutionConfigurationPlatforms) = preSolution
		Debug|Any CPU = Debug|Any CPU
		Release|Any CPU = Release|Any CPU
	EndGlobalSection
	GlobalSection(ProjectConfigurationPlatforms) = postSolution
		{325BE755-9BF1-FF7B-3BB5-92E4EE78C81F}.Debug|Any CPU.ActiveCfg = Debug|Any CPU
		{325BE755-9BF1-FF7B-3BB5-92E4EE78C81F}.Debug|Any CPU.Build.0 = Debug|Any CPU
		{325BE755-9BF1-FF7B-3BB5-92E4EE78C81F}.Release|Any CPU.ActiveCfg = Release|Any CPU
		{325BE755-9BF1-FF7B-3BB5-92E4EE78C81F}.Release|Any CPU.Build.0 = Release|Any CPU
	EndGlobalSection
	GlobalSection(SolutionProperties) = preSolution
		HideSolutionNode = FALSE
	EndGlobalSection
	GlobalSection(ExtensibilityGlobals) = postSolution
		SolutionGuid = {F7D64BB8-DBA6-470A-AFB1-CA5225469C42}
	EndGlobalSection
EndGlobal
